// !$*UTF8*$!
{
	archiveVersion = 1;
	classes = {
	};
	objectVersion = 50;
	objects = {

/* Begin PBXBuildFile section */
		7E4603372653B3A200CB98BF /* AppDelegate.swift in Sources */ = {isa = PBXBuildFile; fileRef = 7E4603362653B3A200CB98BF /* AppDelegate.swift */; };
		7E4603392653B3A200CB98BF /* SceneDelegate.swift in Sources */ = {isa = PBXBuildFile; fileRef = 7E4603382653B3A200CB98BF /* SceneDelegate.swift */; };
		7E46033B2653B3A200CB98BF /* ViewController.swift in Sources */ = {isa = PBXBuildFile; fileRef = 7E46033A2653B3A200CB98BF /* ViewController.swift */; };
		7E46033E2653B3A200CB98BF /* Main.storyboard in Resources */ = {isa = PBXBuildFile; fileRef = 7E46033C2653B3A200CB98BF /* Main.storyboard */; };
		7E4603402653B3A300CB98BF /* Assets.xcassets in Resources */ = {isa = PBXBuildFile; fileRef = 7E46033F2653B3A300CB98BF /* Assets.xcassets */; };
		7E4603432653B3A300CB98BF /* LaunchScreen.storyboard in Resources */ = {isa = PBXBuildFile; fileRef = 7E4603412653B3A300CB98BF /* LaunchScreen.storyboard */; };
		CB45E8D78029D33B1B668110 /* Pods_Mobile_Interview.framework in Frameworks */ = {isa = PBXBuildFile; fileRef = 21282A46ACC509DD396976DC /* Pods_Mobile_Interview.framework */; };
/* End PBXBuildFile section */

/* Begin PBXFileReference section */
		21282A46ACC509DD396976DC /* Pods_Mobile_Interview.framework */ = {isa = PBXFileReference; explicitFileType = wrapper.framework; includeInIndex = 0; path = Pods_Mobile_Interview.framework; sourceTree = BUILT_PRODUCTS_DIR; };
		3901DBE0BA0B230D6B2AF98E /* Pods-Mobile Interview.release.xcconfig */ = {isa = PBXFileReference; includeInIndex = 1; lastKnownFileType = text.xcconfig; name = "Pods-Mobile Interview.release.xcconfig"; path = "Target Support Files/Pods-Mobile Interview/Pods-Mobile Interview.release.xcconfig"; sourceTree = "<group>"; };
		7E4603332653B3A200CB98BF /* Mobile Interview.app */ = {isa = PBXFileReference; explicitFileType = wrapper.application; includeInIndex = 0; path = "Mobile Interview.app"; sourceTree = BUILT_PRODUCTS_DIR; };
		7E4603362653B3A200CB98BF /* AppDelegate.swift */ = {isa = PBXFileReference; lastKnownFileType = sourcecode.swift; path = AppDelegate.swift; sourceTree = "<group>"; };
		7E4603382653B3A200CB98BF /* SceneDelegate.swift */ = {isa = PBXFileReference; lastKnownFileType = sourcecode.swift; path = SceneDelegate.swift; sourceTree = "<group>"; };
		7E46033A2653B3A200CB98BF /* ViewController.swift */ = {isa = PBXFileReference; lastKnownFileType = sourcecode.swift; path = ViewController.swift; sourceTree = "<group>"; };
		7E46033D2653B3A200CB98BF /* Base */ = {isa = PBXFileReference; lastKnownFileType = file.storyboard; name = Base; path = Base.lproj/Main.storyboard; sourceTree = "<group>"; };
		7E46033F2653B3A300CB98BF /* Assets.xcassets */ = {isa = PBXFileReference; lastKnownFileType = folder.assetcatalog; path = Assets.xcassets; sourceTree = "<group>"; };
		7E4603422653B3A300CB98BF /* Base */ = {isa = PBXFileReference; lastKnownFileType = file.storyboard; name = Base; path = Base.lproj/LaunchScreen.storyboard; sourceTree = "<group>"; };
		7E4603442653B3A300CB98BF /* Info.plist */ = {isa = PBXFileReference; lastKnownFileType = text.plist.xml; path = Info.plist; sourceTree = "<group>"; };
		DCA1B0AF918CCBD3C23E4316 /* Pods-Mobile Interview.debug.xcconfig */ = {isa = PBXFileReference; includeInIndex = 1; lastKnownFileType = text.xcconfig; name = "Pods-Mobile Interview.debug.xcconfig"; path = "Target Support Files/Pods-Mobile Interview/Pods-Mobile Interview.debug.xcconfig"; sourceTree = "<group>"; };
/* End PBXFileReference section */

/* Begin PBXFrameworksBuildPhase section */
		7E4603302653B3A200CB98BF /* Frameworks */ = {
			isa = PBXFrameworksBuildPhase;
			buildActionMask = 2147483647;
			files = (
				CB45E8D78029D33B1B668110 /* Pods_Mobile_Interview.framework in Frameworks */,
			);
			runOnlyForDeploymentPostprocessing = 0;
		};
/* End PBXFrameworksBuildPhase section */

/* Begin PBXGroup section */
		7833817F16009E24C7FBE731 /* Frameworks */ = {
			isa = PBXGroup;
			children = (
				21282A46ACC509DD396976DC /* Pods_Mobile_Interview.framework */,
			);
			name = Frameworks;
			sourceTree = "<group>";
		};
		7E46032A2653B3A200CB98BF = {
			isa = PBXGroup;
			children = (
				7E4603352653B3A200CB98BF /* Mobile Interview */,
				7E4603342653B3A200CB98BF /* Products */,
				F9F8A52D48A99EA934E19D42 /* Pods */,
				7833817F16009E24C7FBE731 /* Frameworks */,
			);
			sourceTree = "<group>";
		};
		7E4603342653B3A200CB98BF /* Products */ = {
			isa = PBXGroup;
			children = (
				7E4603332653B3A200CB98BF /* Mobile Interview.app */,
			);
			name = Products;
			sourceTree = "<group>";
		};
		7E4603352653B3A200CB98BF /* Mobile Interview */ = {
			isa = PBXGroup;
			children = (
				7E4603362653B3A200CB98BF /* AppDelegate.swift */,
				7E4603382653B3A200CB98BF /* SceneDelegate.swift */,
				7E46033A2653B3A200CB98BF /* ViewController.swift */,
				7E46033C2653B3A200CB98BF /* Main.storyboard */,
				7E46033F2653B3A300CB98BF /* Assets.xcassets */,
				7E4603412653B3A300CB98BF /* LaunchScreen.storyboard */,
				7E4603442653B3A300CB98BF /* Info.plist */,
			);
			path = "Mobile Interview";
			sourceTree = "<group>";
		};
		F9F8A52D48A99EA934E19D42 /* Pods */ = {
			isa = PBXGroup;
			children = (
				DCA1B0AF918CCBD3C23E4316 /* Pods-Mobile Interview.debug.xcconfig */,
				3901DBE0BA0B230D6B2AF98E /* Pods-Mobile Interview.release.xcconfig */,
			);
			name = Pods;
			path = Pods;
			sourceTree = "<group>";
		};
/* End PBXGroup section */

/* Begin PBXNativeTarget section */
		7E4603322653B3A200CB98BF /* Mobile Interview */ = {
			isa = PBXNativeTarget;
			buildConfigurationList = 7E4603472653B3A300CB98BF /* Build configuration list for PBXNativeTarget "Mobile Interview" */;
			buildPhases = (
				6F16701A93A35F4FC94B46BB /* [CP] Check Pods Manifest.lock */,
				7E46032F2653B3A200CB98BF /* Sources */,
				7E4603302653B3A200CB98BF /* Frameworks */,
				7E4603312653B3A200CB98BF /* Resources */,
			);
			buildRules = (
			);
			dependencies = (
			);
			name = "Mobile Interview";
			productName = "Mobile Interview";
			productReference = 7E4603332653B3A200CB98BF /* Mobile Interview.app */;
			productType = "com.apple.product-type.application";
		};
/* End PBXNativeTarget section */

/* Begin PBXProject section */
		7E46032B2653B3A200CB98BF /* Project object */ = {
			isa = PBXProject;
			attributes = {
				LastSwiftUpdateCheck = 1250;
				LastUpgradeCheck = 1250;
				TargetAttributes = {
					7E4603322653B3A200CB98BF = {
						CreatedOnToolsVersion = 12.5;
					};
				};
			};
			buildConfigurationList = 7E46032E2653B3A200CB98BF /* Build configuration list for PBXProject "Mobile Interview" */;
			compatibilityVersion = "Xcode 9.3";
			developmentRegion = en;
			hasScannedForEncodings = 0;
			knownRegions = (
				en,
				Base,
			);
			mainGroup = 7E46032A2653B3A200CB98BF;
			productRefGroup = 7E4603342653B3A200CB98BF /* Products */;
			projectDirPath = "";
			projectRoot = "";
			targets = (
				7E4603322653B3A200CB98BF /* Mobile Interview */,
			);
		};
/* End PBXProject section */

/* Begin PBXResourcesBuildPhase section */
		7E4603312653B3A200CB98BF /* Resources */ = {
			isa = PBXResourcesBuildPhase;
			buildActionMask = 2147483647;
			files = (
				7E4603432653B3A300CB98BF /* LaunchScreen.storyboard in Resources */,
				7E4603402653B3A300CB98BF /* Assets.xcassets in Resources */,
				7E46033E2653B3A200CB98BF /* Main.storyboard in Resources */,
			);
			runOnlyForDeploymentPostprocessing = 0;
		};
/* End PBXResourcesBuildPhase section */

/* Begin PBXShellScriptBuildPhase section */
		6F16701A93A35F4FC94B46BB /* [CP] Check Pods Manifest.lock */ = {
			isa = PBXShellScriptBuildPhase;
			buildActionMask = 2147483647;
			files = (
			);
			inputFileListPaths = (
			);
			inputPaths = (
				"${PODS_PODFILE_DIR_PATH}/Podfile.lock",
				"${PODS_ROOT}/Manifest.lock",
			);
			name = "[CP] Check Pods Manifest.lock";
			outputFileListPaths = (
			);
			outputPaths = (
				"$(DERIVED_FILE_DIR)/Pods-Mobile Interview-checkManifestLockResult.txt",
			);
			runOnlyForDeploymentPostprocessing = 0;
			shellPath = /bin/sh;
			shellScript = "diff \"${PODS_PODFILE_DIR_PATH}/Podfile.lock\" \"${PODS_ROOT}/Manifest.lock\" > /dev/null\nif [ $? != 0 ] ; then\n    # print error to STDERR\n    echo \"error: The sandbox is not in sync with the Podfile.lock. Run 'pod install' or update your CocoaPods installation.\" >&2\n    exit 1\nfi\n# This output is used by Xcode 'outputs' to avoid re-running this script phase.\necho \"SUCCESS\" > \"${SCRIPT_OUTPUT_FILE_0}\"\n";
			showEnvVarsInLog = 0;
		};
/* End PBXShellScriptBuildPhase section */

/* Begin PBXSourcesBuildPhase section */
		7E46032F2653B3A200CB98BF /* Sources */ = {
			isa = PBXSourcesBuildPhase;
			buildActionMask = 2147483647;
			files = (
				7E46033B2653B3A200CB98BF /* ViewController.swift in Sources */,
				7E4603372653B3A200CB98BF /* AppDelegate.swift in Sources */,
				7E4603392653B3A200CB98BF /* SceneDelegate.swift in Sources */,
			);
			runOnlyForDeploymentPostprocessing = 0;
		};
/* End PBXSourcesBuildPhase section */

/* Begin PBXVariantGroup section */
		7E46033C2653B3A200CB98BF /* Main.storyboard */ = {
			isa = PBXVariantGroup;
			children = (
				7E46033D2653B3A200CB98BF /* Base */,
			);
			name = Main.storyboard;
			sourceTree = "<group>";
		};
		7E4603412653B3A300CB98BF /* LaunchScreen.storyboard */ = {
			isa = PBXVariantGroup;
			children = (
				7E4603422653B3A300CB98BF /* Base */,
			);
			name = LaunchScreen.storyboard;
			sourceTree = "<group>";
		};
/* End PBXVariantGroup section */

/* Begin XCBuildConfiguration section */
		7E4603452653B3A300CB98BF /* Debug */ = {
			isa = XCBuildConfiguration;
			buildSettings = {
				ALWAYS_SEARCH_USER_PATHS = NO;
				CLANG_ANALYZER_NONNULL = YES;
				CLANG_ANALYZER_NUMBER_OBJECT_CONVERSION = YES_AGGRESSIVE;
				CLANG_CXX_LANGUAGE_STANDARD = "gnu++14";
				CLANG_CXX_LIBRARY = "libc++";
				CLANG_ENABLE_MODULES = YES;
				CLANG_ENABLE_OBJC_ARC = YES;
				CLANG_ENABLE_OBJC_WEAK = YES;
				CLANG_WARN_BLOCK_CAPTURE_AUTORELEASING = YES;
				CLANG_WARN_BOOL_CONVERSION = YES;
				CLANG_WARN_COMMA = YES;
				CLANG_WARN_CONSTANT_CONVERSION = YES;
				CLANG_WARN_DEPRECATED_OBJC_IMPLEMENTATIONS = YES;
				CLANG_WARN_DIRECT_OBJC_ISA_USAGE = YES_ERROR;
				CLANG_WARN_DOCUMENTATION_COMMENTS = YES;
				CLANG_WARN_EMPTY_BODY = YES;
				CLANG_WARN_ENUM_CONVERSION = YES;
				CLANG_WARN_INFINITE_RECURSION = YES;
				CLANG_WARN_INT_CONVERSION = YES;
				CLANG_WARN_NON_LITERAL_NULL_CONVERSION = YES;
				CLANG_WARN_OBJC_IMPLICIT_RETAIN_SELF = YES;
				CLANG_WARN_OBJC_LITERAL_CONVERSION = YES;
				CLANG_WARN_OBJC_ROOT_CLASS = YES_ERROR;
				CLANG_WARN_QUOTED_INCLUDE_IN_FRAMEWORK_HEADER = YES;
				CLANG_WARN_RANGE_LOOP_ANALYSIS = YES;
				CLANG_WARN_STRICT_PROTOTYPES = YES;
				CLANG_WARN_SUSPICIOUS_MOVE = YES;
				CLANG_WARN_UNGUARDED_AVAILABILITY = YES_AGGRESSIVE;
				CLANG_WARN_UNREACHABLE_CODE = YES;
				CLANG_WARN__DUPLICATE_METHOD_MATCH = YES;
				COPY_PHASE_STRIP = NO;
				DEBUG_INFORMATION_FORMAT = dwarf;
				ENABLE_STRICT_OBJC_MSGSEND = YES;
				ENABLE_TESTABILITY = YES;
				GCC_C_LANGUAGE_STANDARD = gnu11;
				GCC_DYNAMIC_NO_PIC = NO;
				GCC_NO_COMMON_BLOCKS = YES;
				GCC_OPTIMIZATION_LEVEL = 0;
				GCC_PREPROCESSOR_DEFINITIONS = (
					"DEBUG=1",
					"$(inherited)",
				);
				GCC_WARN_64_TO_32_BIT_CONVERSION = YES;
				GCC_WARN_ABOUT_RETURN_TYPE = YES_ERROR;
				GCC_WARN_UNDECLARED_SELECTOR = YES;
				GCC_WARN_UNINITIALIZED_AUTOS = YES_AGGRESSIVE;
				GCC_WARN_UNUSED_FUNCTION = YES;
				GCC_WARN_UNUSED_VARIABLE = YES;
				IPHONEOS_DEPLOYMENT_TARGET = 14.5;
				MTL_ENABLE_DEBUG_INFO = INCLUDE_SOURCE;
				MTL_FAST_MATH = YES;
				ONLY_ACTIVE_ARCH = YES;
				SDKROOT = iphoneos;
				SWIFT_ACTIVE_COMPILATION_CONDITIONS = DEBUG;
				SWIFT_OPTIMIZATION_LEVEL = "-Onone";
			};
			name = Debug;
		};
		7E4603462653B3A300CB98BF /* Release */ = {
			isa = XCBuildConfiguration;
			buildSettings = {
				ALWAYS_SEARCH_USER_PATHS = NO;
				CLANG_ANALYZER_NONNULL = YES;
				CLANG_ANALYZER_NUMBER_OBJECT_CONVERSION = YES_AGGRESSIVE;
				CLANG_CXX_LANGUAGE_STANDARD = "gnu++14";
				CLANG_CXX_LIBRARY = "libc++";
				CLANG_ENABLE_MODULES = YES;
				CLANG_ENABLE_OBJC_ARC = YES;
				CLANG_ENABLE_OBJC_WEAK = YES;
				CLANG_WARN_BLOCK_CAPTURE_AUTORELEASING = YES;
				CLANG_WARN_BOOL_CONVERSION = YES;
				CLANG_WARN_COMMA = YES;
				CLANG_WARN_CONSTANT_CONVERSION = YES;
				CLANG_WARN_DEPRECATED_OBJC_IMPLEMENTATIONS = YES;
				CLANG_WARN_DIRECT_OBJC_ISA_USAGE = YES_ERROR;
				CLANG_WARN_DOCUMENTATION_COMMENTS = YES;
				CLANG_WARN_EMPTY_BODY = YES;
				CLANG_WARN_ENUM_CONVERSION = YES;
				CLANG_WARN_INFINITE_RECURSION = YES;
				CLANG_WARN_INT_CONVERSION = YES;
				CLANG_WARN_NON_LITERAL_NULL_CONVERSION = YES;
				CLANG_WARN_OBJC_IMPLICIT_RETAIN_SELF = YES;
				CLANG_WARN_OBJC_LITERAL_CONVERSION = YES;
				CLANG_WARN_OBJC_ROOT_CLASS = YES_ERROR;
				CLANG_WARN_QUOTED_INCLUDE_IN_FRAMEWORK_HEADER = YES;
				CLANG_WARN_RANGE_LOOP_ANALYSIS = YES;
				CLANG_WARN_STRICT_PROTOTYPES = YES;
				CLANG_WARN_SUSPICIOUS_MOVE = YES;
				CLANG_WARN_UNGUARDED_AVAILABILITY = YES_AGGRESSIVE;
				CLANG_WARN_UNREACHABLE_CODE = YES;
				CLANG_WARN__DUPLICATE_METHOD_MATCH = YES;
				COPY_PHASE_STRIP = NO;
				DEBUG_INFORMATION_FORMAT = "dwarf-with-dsym";
				ENABLE_NS_ASSERTIONS = NO;
				ENABLE_STRICT_OBJC_MSGSEND = YES;
				GCC_C_LANGUAGE_STANDARD = gnu11;
				GCC_NO_COMMON_BLOCKS = YES;
				GCC_WARN_64_TO_32_BIT_CONVERSION = YES;
				GCC_WARN_ABOUT_RETURN_TYPE = YES_ERROR;
				GCC_WARN_UNDECLARED_SELECTOR = YES;
				GCC_WARN_UNINITIALIZED_AUTOS = YES_AGGRESSIVE;
				GCC_WARN_UNUSED_FUNCTION = YES;
				GCC_WARN_UNUSED_VARIABLE = YES;
				IPHONEOS_DEPLOYMENT_TARGET = 14.5;
				MTL_ENABLE_DEBUG_INFO = NO;
				MTL_FAST_MATH = YES;
				SDKROOT = iphoneos;
				SWIFT_COMPILATION_MODE = wholemodule;
				SWIFT_OPTIMIZATION_LEVEL = "-O";
				VALIDATE_PRODUCT = YES;
			};
			name = Release;
		};
		7E4603482653B3A300CB98BF /* Debug */ = {
			isa = XCBuildConfiguration;
			baseConfigurationReference = DCA1B0AF918CCBD3C23E4316 /* Pods-Mobile Interview.debug.xcconfig */;
			buildSettings = {
				ASSETCATALOG_COMPILER_APPICON_NAME = AppIcon;
				ASSETCATALOG_COMPILER_GLOBAL_ACCENT_COLOR_NAME = AccentColor;
				CODE_SIGN_STYLE = Automatic;
				DEVELOPMENT_TEAM = C3F667X255;
				INFOPLIST_FILE = "Mobile Interview/Info.plist";
				LD_RUNPATH_SEARCH_PATHS = (
					"$(inherited)",
					"@executable_path/Frameworks",
				);
				PRODUCT_BUNDLE_IDENTIFIER = "com.mobile.interview.Mobile-Interview";
				PRODUCT_NAME = "$(TARGET_NAME)";
				SWIFT_VERSION = 5.0;
				TARGETED_DEVICE_FAMILY = "1,2";
			};
			name = Debug;
		};
		7E4603492653B3A300CB98BF /* Release */ = {
			isa = XCBuildConfiguration;
			baseConfigurationReference = 3901DBE0BA0B230D6B2AF98E /* Pods-Mobile Interview.release.xcconfig */;
			buildSettings = {
				ASSETCATALOG_COMPILER_APPICON_NAME = AppIcon;
				ASSETCATALOG_COMPILER_GLOBAL_ACCENT_COLOR_NAME = AccentColor;
				CODE_SIGN_STYLE = Automatic;
				DEVELOPMENT_TEAM = C3F667X255;
				INFOPLIST_FILE = "Mobile Interview/Info.plist";
				LD_RUNPATH_SEARCH_PATHS = (
					"$(inherited)",
					"@executable_path/Frameworks",
				);
				PRODUCT_BUNDLE_IDENTIFIER = "com.mobile.interview.Mobile-Interview";
				PRODUCT_NAME = "$(TARGET_NAME)";
				SWIFT_VERSION = 5.0;
				TARGETED_DEVICE_FAMILY = "1,2";
			};
			name = Release;
		};
/* End XCBuildConfiguration section */

/* Begin XCConfigurationList section */
		7E46032E2653B3A200CB98BF /* Build configuration list for PBXProject "Mobile Interview" */ = {
			isa = XCConfigurationList;
			buildConfigurations = (
				7E4603452653B3A300CB98BF /* Debug */,
				7E4603462653B3A300CB98BF /* Release */,
			);
			defaultConfigurationIsVisible = 0;
			defaultConfigurationName = Release;
		};
		7E4603472653B3A300CB98BF /* Build configuration list for PBXNativeTarget "Mobile Interview" */ = {
			isa = XCConfigurationList;
			buildConfigurations = (
				7E4603482653B3A300CB98BF /* Debug */,
				7E4603492653B3A300CB98BF /* Release */,
			);
			defaultConfigurationIsVisible = 0;
			defaultConfigurationName = Release;
		};
/* End XCConfigurationList section */
	};
	rootObject = 7E46032B2653B3A200CB98BF /* Project object */;
}
